
Microsoft Visual Studio Solution File, Format Version 12.00
# Visual Studio Version 16
VisualStudioVersion = 16.0.31515.178
MinimumVisualStudioVersion = 10.0.40219.1
Project("{9A19103F-16F7-4668-BE54-9A1E7A4F7556}") = "DevFreela.API", "DevFreela.API\DevFreela.API.csproj", "{A8EA0C7B-C334-4EF2-9FAE-4141547672A0}"
EndProject
Project("{FAE04EC0-301F-11D3-BF4B-00C04F79EFBC}") = "DevFreela.Core", "DevFreela.Core\DevFreela.Core.csproj", "{9CFF7108-1D4C-466C-8AA6-BE3AACC7A0E8}"
EndProject
Project("{FAE04EC0-301F-11D3-BF4B-00C04F79EFBC}") = "DevFreela.Infrastructure", "DevFreela.Infrastructure\DevFreela.Infrastructure.csproj", "{55A640C4-D8A5-44BD-A22F-7445F16923FF}"
EndProject
Project("{FAE04EC0-301F-11D3-BF4B-00C04F79EFBC}") = "DevFreela.Application", "DevFreela.Application\DevFreela.Application.csproj", "{6EA02DEC-6979-450D-97D7-8C8A09276B0C}"
EndProject
Global
	GlobalSection(SolutionConfigurationPlatforms) = preSolution
		Debug|Any CPU = Debug|Any CPU
		Release|Any CPU = Release|Any CPU
	EndGlobalSection
	GlobalSection(ProjectConfigurationPlatforms) = postSolution
		{A8EA0C7B-C334-4EF2-9FAE-4141547672A0}.Debug|Any CPU.ActiveCfg = Debug|Any CPU
		{A8EA0C7B-C334-4EF2-9FAE-4141547672A0}.Debug|Any CPU.Build.0 = Debug|Any CPU
		{A8EA0C7B-C334-4EF2-9FAE-4141547672A0}.Release|Any CPU.ActiveCfg = Release|Any CPU
		{A8EA0C7B-C334-4EF2-9FAE-4141547672A0}.Release|Any CPU.Build.0 = Release|Any CPU
		{9CFF7108-1D4C-466C-8AA6-BE3AACC7A0E8}.Debug|Any CPU.ActiveCfg = Debug|Any CPU
		{9CFF7108-1D4C-466C-8AA6-BE3AACC7A0E8}.Debug|Any CPU.Build.0 = Debug|Any CPU
		{9CFF7108-1D4C-466C-8AA6-BE3AACC7A0E8}.Release|Any CPU.ActiveCfg = Release|Any CPU
		{9CFF7108-1D4C-466C-8AA6-BE3AACC7A0E8}.Release|Any CPU.Build.0 = Release|Any CPU
		{55A640C4-D8A5-44BD-A22F-7445F16923FF}.Debug|Any CPU.ActiveCfg = Debug|Any CPU
		{55A640C4-D8A5-44BD-A22F-7445F16923FF}.Debug|Any CPU.Build.0 = Debug|Any CPU
		{55A640C4-D8A5-44BD-A22F-7445F16923FF}.Release|Any CPU.ActiveCfg = Release|Any CPU
		{55A640C4-D8A5-44BD-A22F-7445F16923FF}.Release|Any CPU.Build.0 = Release|Any CPU
		{6EA02DEC-6979-450D-97D7-8C8A09276B0C}.Debug|Any CPU.ActiveCfg = Debug|Any CPU
		{6EA02DEC-6979-450D-97D7-8C8A09276B0C}.Debug|Any CPU.Build.0 = Debug|Any CPU
		{6EA02DEC-6979-450D-97D7-8C8A09276B0C}.Release|Any CPU.ActiveCfg = Release|Any CPU
		{6EA02DEC-6979-450D-97D7-8C8A09276B0C}.Release|Any CPU.Build.0 = Release|Any CPU
	EndGlobalSection
	GlobalSection(SolutionProperties) = preSolution
		HideSolutionNode = FALSE
	EndGlobalSection
	GlobalSection(ExtensibilityGlobals) = postSolution
		SolutionGuid = {CA165CAB-B323-4D81-A7DA-66E549926823}
	EndGlobalSection
EndGlobal
